{
  "version": "3",
  "packages": {
    "specifiers": {
      "npm:eta@^3.4.0": "npm:eta@3.4.0"
    },
    "npm": {
      "eta@3.4.0": {
        "integrity": "sha512-tCsc7WXTjrTx4ZjYLplcqrI3o4mYJ+Z6YspeuGL8tbt/hHoMchwBwtKfwM09svEY86iRapY93vUqQttcNuIO5Q==",
        "dependencies": {}
      }
    }
  },
  "remote": {
    "https://deno.land/std@0.224.0/testing/types.ts": "36e519e8735884ce60ddd284195a28f6d22f83d3effe5df0ce27bafc17b5655d"
  },
  "workspace": {
    "dependencies": [
      "npm:eta@^3.4.0"
    ]
  }
}
